
Microsoft Visual Studio Solution File, Format Version 12.00
# Visual Studio 15
VisualStudioVersion = 15.0.28010.2041
MinimumVisualStudioVersion = 10.0.40219.1
Project("{FAE04EC0-301F-11D3-BF4B-00C04F79EFBC}") = "BrowserLab", "BrowserLab.csproj", "{F1DA65B0-3705-4C58-AF6D-28EE98DEF773}"
EndProject
Global
	GlobalSection(SolutionConfigurationPlatforms) = preSolution
		Debug|Any CPU = Debug|Any CPU
		Release|Any CPU = Release|Any CPU
	EndGlobalSection
	GlobalSection(ProjectConfigurationPlatforms) = postSolution
		{F1DA65B0-3705-4C58-AF6D-28EE98DEF773}.Debug|Any CPU.ActiveCfg = Debug|Any CPU
		{F1DA65B0-3705-4C58-AF6D-28EE98DEF773}.Debug|Any CPU.Build.0 = Debug|Any CPU
		{F1DA65B0-3705-4C58-AF6D-28EE98DEF773}.Release|Any CPU.ActiveCfg = Release|Any CPU
		{F1DA65B0-3705-4C58-AF6D-28EE98DEF773}.Release|Any CPU.Build.0 = Release|Any CPU
	EndGlobalSection
	GlobalSection(SolutionProperties) = preSolution
		HideSolutionNode = FALSE
	EndGlobalSection
	GlobalSection(ExtensibilityGlobals) = postSolution
		SolutionGuid = {9DA300FC-63C9-4085-BA04-1EE9AFEEF5C7}
	EndGlobalSection
EndGlobal
